
Microsoft Visual Studio Solution File, Format Version 12.00
# Visual Studio Version 17
VisualStudioVersion = 17.6.33723.286
MinimumVisualStudioVersion = 10.0.40219.1
Project("{9A19103F-16F7-4668-BE54-9A1E7A4F7556}") = "JWTClaimsExtractor", "JWTClaimsExtractor\JWTClaimsExtractor.csproj", "{9D775E09-67EB-42E7-A49A-5A7D10B43E11}"
EndProject
Project("{9A19103F-16F7-4668-BE54-9A1E7A4F7556}") = "JwtTokenClaimsConsumerAPI", "JwtTokenClaimsConsumerAPI\JwtTokenClaimsConsumerAPI.csproj", "{A644413B-DC22-4DE6-9D4D-6F575BCA1183}"
EndProject
Project("{9A19103F-16F7-4668-BE54-9A1E7A4F7556}") = "JwtTokenGenerateSigningKey", "JwtTokenGenerateSigningKey\JwtTokenGenerateSigningKey.csproj", "{7E80C2B8-8BAE-427E-928A-8E9195FD618D}"
EndProject
Project("{9A19103F-16F7-4668-BE54-9A1E7A4F7556}") = "JwtValidUsersApi", "JwtValidUsersAPI\JwtValidUsersApi\JwtValidUsersApi.csproj", "{4C41801B-31BC-4FFE-8987-107274DE6442}"
EndProject
Project("{FAE04EC0-301F-11D3-BF4B-00C04F79EFBC}") = "JwtValidUserAPI.Core", "JwtValidUsersAPI\JwtValidUserAPI.Core\JwtValidUserAPI.Core.csproj", "{8C12B68C-1CCC-4CDB-BD8D-CE3861B211F0}"
EndProject
Project("{2150E333-8FDC-42A3-9474-1A3956D46DE8}") = "JwtUserData", "JwtUserData", "{ABCCFE6C-4175-46D9-A0F7-2D39916161CE}"
EndProject
Global
	GlobalSection(SolutionConfigurationPlatforms) = preSolution
		Debug|Any CPU = Debug|Any CPU
		Release|Any CPU = Release|Any CPU
	EndGlobalSection
	GlobalSection(ProjectConfigurationPlatforms) = postSolution
		{9D775E09-67EB-42E7-A49A-5A7D10B43E11}.Debug|Any CPU.ActiveCfg = Debug|Any CPU
		{9D775E09-67EB-42E7-A49A-5A7D10B43E11}.Debug|Any CPU.Build.0 = Debug|Any CPU
		{9D775E09-67EB-42E7-A49A-5A7D10B43E11}.Release|Any CPU.ActiveCfg = Release|Any CPU
		{9D775E09-67EB-42E7-A49A-5A7D10B43E11}.Release|Any CPU.Build.0 = Release|Any CPU
		{A644413B-DC22-4DE6-9D4D-6F575BCA1183}.Debug|Any CPU.ActiveCfg = Debug|Any CPU
		{A644413B-DC22-4DE6-9D4D-6F575BCA1183}.Debug|Any CPU.Build.0 = Debug|Any CPU
		{A644413B-DC22-4DE6-9D4D-6F575BCA1183}.Release|Any CPU.ActiveCfg = Release|Any CPU
		{A644413B-DC22-4DE6-9D4D-6F575BCA1183}.Release|Any CPU.Build.0 = Release|Any CPU
		{7E80C2B8-8BAE-427E-928A-8E9195FD618D}.Debug|Any CPU.ActiveCfg = Debug|Any CPU
		{7E80C2B8-8BAE-427E-928A-8E9195FD618D}.Debug|Any CPU.Build.0 = Debug|Any CPU
		{7E80C2B8-8BAE-427E-928A-8E9195FD618D}.Release|Any CPU.ActiveCfg = Release|Any CPU
		{7E80C2B8-8BAE-427E-928A-8E9195FD618D}.Release|Any CPU.Build.0 = Release|Any CPU
		{4C41801B-31BC-4FFE-8987-107274DE6442}.Debug|Any CPU.ActiveCfg = Debug|Any CPU
		{4C41801B-31BC-4FFE-8987-107274DE6442}.Debug|Any CPU.Build.0 = Debug|Any CPU
		{4C41801B-31BC-4FFE-8987-107274DE6442}.Release|Any CPU.ActiveCfg = Release|Any CPU
		{4C41801B-31BC-4FFE-8987-107274DE6442}.Release|Any CPU.Build.0 = Release|Any CPU
		{8C12B68C-1CCC-4CDB-BD8D-CE3861B211F0}.Debug|Any CPU.ActiveCfg = Debug|Any CPU
		{8C12B68C-1CCC-4CDB-BD8D-CE3861B211F0}.Debug|Any CPU.Build.0 = Debug|Any CPU
		{8C12B68C-1CCC-4CDB-BD8D-CE3861B211F0}.Release|Any CPU.ActiveCfg = Release|Any CPU
		{8C12B68C-1CCC-4CDB-BD8D-CE3861B211F0}.Release|Any CPU.Build.0 = Release|Any CPU
	EndGlobalSection
	GlobalSection(SolutionProperties) = preSolution
		HideSolutionNode = FALSE
	EndGlobalSection
	GlobalSection(NestedProjects) = preSolution
		{4C41801B-31BC-4FFE-8987-107274DE6442} = {ABCCFE6C-4175-46D9-A0F7-2D39916161CE}
		{8C12B68C-1CCC-4CDB-BD8D-CE3861B211F0} = {ABCCFE6C-4175-46D9-A0F7-2D39916161CE}
	EndGlobalSection
	GlobalSection(ExtensibilityGlobals) = postSolution
		SolutionGuid = {9BF5553B-7753-4798-88E0-162A2010AF80}
	EndGlobalSection
EndGlobal
